// !$*UTF8*$!
{
	archiveVersion = 1;
	classes = {
	};
	objectVersion = 46;
	objects = {

/* Begin PBXBuildFile section */
		9472768C1F3B0DF0005DC039 /* main.m in Sources */ = {isa = PBXBuildFile; fileRef = 9472768B1F3B0DF0005DC039 /* main.m */; };
		947276941F3B0E46005DC039 /* RTClass1.m in Sources */ = {isa = PBXBuildFile; fileRef = 947276931F3B0E46005DC039 /* RTClass1.m */; };
		947276971F3B0FA1005DC039 /* SuperRTClass.m in Sources */ = {isa = PBXBuildFile; fileRef = 947276961F3B0FA1005DC039 /* SuperRTClass.m */; };
		9472769A1F3B0FB7005DC039 /* SubRTClass.m in Sources */ = {isa = PBXBuildFile; fileRef = 947276991F3B0FB7005DC039 /* SubRTClass.m */; };
		9472769D1F3B1288005DC039 /* RTClass.m in Sources */ = {isa = PBXBuildFile; fileRef = 9472769C1F3B1288005DC039 /* RTClass.m */; };
		947276A01F3B1A8B005DC039 /* RTIvarListClass.m in Sources */ = {isa = PBXBuildFile; fileRef = 9472769F1F3B1A8B005DC039 /* RTIvarListClass.m */; };
/* End PBXBuildFile section */

/* Begin PBXCopyFilesBuildPhase section */
		947276861F3B0DF0005DC039 /* CopyFiles */ = {
			isa = PBXCopyFilesBuildPhase;
			buildActionMask = 2147483647;
			dstPath = /usr/share/man/man1/;
			dstSubfolderSpec = 0;
			files = (
			);
			runOnlyForDeploymentPostprocessing = 1;
		};
/* End PBXCopyFilesBuildPhase section */

/* Begin PBXFileReference section */
		947276881F3B0DF0005DC039 /* Runtime_Class1 */ = {isa = PBXFileReference; explicitFileType = "compiled.mach-o.executable"; includeInIndex = 0; path = Runtime_Class1; sourceTree = BUILT_PRODUCTS_DIR; };
		9472768B1F3B0DF0005DC039 /* main.m */ = {isa = PBXFileReference; lastKnownFileType = sourcecode.c.objc; path = main.m; sourceTree = "<group>"; };
		947276921F3B0E46005DC039 /* RTClass1.h */ = {isa = PBXFileReference; fileEncoding = 4; lastKnownFileType = sourcecode.c.h; path = RTClass1.h; sourceTree = "<group>"; };
		947276931F3B0E46005DC039 /* RTClass1.m */ = {isa = PBXFileReference; fileEncoding = 4; lastKnownFileType = sourcecode.c.objc; path = RTClass1.m; sourceTree = "<group>"; };
		947276951F3B0FA1005DC039 /* SuperRTClass.h */ = {isa = PBXFileReference; fileEncoding = 4; lastKnownFileType = sourcecode.c.h; path = SuperRTClass.h; sourceTree = "<group>"; };
		947276961F3B0FA1005DC039 /* SuperRTClass.m */ = {isa = PBXFileReference; fileEncoding = 4; lastKnownFileType = sourcecode.c.objc; path = SuperRTClass.m; sourceTree = "<group>"; };
		947276981F3B0FB7005DC039 /* SubRTClass.h */ = {isa = PBXFileReference; fileEncoding = 4; lastKnownFileType = sourcecode.c.h; path = SubRTClass.h; sourceTree = "<group>"; };
		947276991F3B0FB7005DC039 /* SubRTClass.m */ = {isa = PBXFileReference; fileEncoding = 4; lastKnownFileType = sourcecode.c.objc; path = SubRTClass.m; sourceTree = "<group>"; };
		9472769B1F3B1288005DC039 /* RTClass.h */ = {isa = PBXFileReference; fileEncoding = 4; lastKnownFileType = sourcecode.c.h; path = RTClass.h; sourceTree = "<group>"; };
		9472769C1F3B1288005DC039 /* RTClass.m */ = {isa = PBXFileReference; fileEncoding = 4; lastKnownFileType = sourcecode.c.objc; path = RTClass.m; sourceTree = "<group>"; };
		9472769E1F3B1A8B005DC039 /* RTIvarListClass.h */ = {isa = PBXFileReference; fileEncoding = 4; lastKnownFileType = sourcecode.c.h; path = RTIvarListClass.h; sourceTree = "<group>"; };
		9472769F1F3B1A8B005DC039 /* RTIvarListClass.m */ = {isa = PBXFileReference; fileEncoding = 4; lastKnownFileType = sourcecode.c.objc; path = RTIvarListClass.m; sourceTree = "<group>"; };
/* End PBXFileReference section */

/* Begin PBXFrameworksBuildPhase section */
		947276851F3B0DF0005DC039 /* Frameworks */ = {
			isa = PBXFrameworksBuildPhase;
			buildActionMask = 2147483647;
			files = (
			);
			runOnlyForDeploymentPostprocessing = 0;
		};
/* End PBXFrameworksBuildPhase section */

/* Begin PBXGroup section */
		9472767F1F3B0DF0005DC039 = {
			isa = PBXGroup;
			children = (
				9472768A1F3B0DF0005DC039 /* Runtime_Class1 */,
				947276891F3B0DF0005DC039 /* Products */,
			);
			sourceTree = "<group>";
		};
		947276891F3B0DF0005DC039 /* Products */ = {
			isa = PBXGroup;
			children = (
				947276881F3B0DF0005DC039 /* Runtime_Class1 */,
			);
			name = Products;
			sourceTree = "<group>";
		};
		9472768A1F3B0DF0005DC039 /* Runtime_Class1 */ = {
			isa = PBXGroup;
			children = (
				9472768B1F3B0DF0005DC039 /* main.m */,
				9472769E1F3B1A8B005DC039 /* RTIvarListClass.h */,
				9472769F1F3B1A8B005DC039 /* RTIvarListClass.m */,
				9472769B1F3B1288005DC039 /* RTClass.h */,
				9472769C1F3B1288005DC039 /* RTClass.m */,
				947276921F3B0E46005DC039 /* RTClass1.h */,
				947276931F3B0E46005DC039 /* RTClass1.m */,
				947276951F3B0FA1005DC039 /* SuperRTClass.h */,
				947276961F3B0FA1005DC039 /* SuperRTClass.m */,
				947276981F3B0FB7005DC039 /* SubRTClass.h */,
				947276991F3B0FB7005DC039 /* SubRTClass.m */,
			);
			path = Runtime_Class1;
			sourceTree = "<group>";
		};
/* End PBXGroup section */

/* Begin PBXNativeTarget section */
		947276871F3B0DF0005DC039 /* Runtime_Class1 */ = {
			isa = PBXNativeTarget;
			buildConfigurationList = 9472768F1F3B0DF0005DC039 /* Build configuration list for PBXNativeTarget "Runtime_Class1" */;
			buildPhases = (
				947276841F3B0DF0005DC039 /* Sources */,
				947276851F3B0DF0005DC039 /* Frameworks */,
				947276861F3B0DF0005DC039 /* CopyFiles */,
			);
			buildRules = (
			);
			dependencies = (
			);
			name = Runtime_Class1;
			productName = Runtime_Class1;
			productReference = 947276881F3B0DF0005DC039 /* Runtime_Class1 */;
			productType = "com.apple.product-type.tool";
		};
/* End PBXNativeTarget section */

/* Begin PBXProject section */
		947276801F3B0DF0005DC039 /* Project object */ = {
			isa = PBXProject;
			attributes = {
				LastUpgradeCheck = 0830;
				ORGANIZATIONNAME = ibuildtek;
				TargetAttributes = {
					947276871F3B0DF0005DC039 = {
						CreatedOnToolsVersion = 8.3.3;
						DevelopmentTeam = RS5VVQU2Q4;
						ProvisioningStyle = Automatic;
					};
				};
			};
			buildConfigurationList = 947276831F3B0DF0005DC039 /* Build configuration list for PBXProject "Runtime_Class1" */;
			compatibilityVersion = "Xcode 3.2";
			developmentRegion = English;
			hasScannedForEncodings = 0;
			knownRegions = (
				en,
			);
			mainGroup = 9472767F1F3B0DF0005DC039;
			productRefGroup = 947276891F3B0DF0005DC039 /* Products */;
			projectDirPath = "";
			projectRoot = "";
			targets = (
				947276871F3B0DF0005DC039 /* Runtime_Class1 */,
			);
		};
/* End PBXProject section */

/* Begin PBXSourcesBuildPhase section */
		947276841F3B0DF0005DC039 /* Sources */ = {
			isa = PBXSourcesBuildPhase;
			buildActionMask = 2147483647;
			files = (
				947276941F3B0E46005DC039 /* RTClass1.m in Sources */,
				9472769A1F3B0FB7005DC039 /* SubRTClass.m in Sources */,
				947276A01F3B1A8B005DC039 /* RTIvarListClass.m in Sources */,
				9472769D1F3B1288005DC039 /* RTClass.m in Sources */,
				947276971F3B0FA1005DC039 /* SuperRTClass.m in Sources */,
				9472768C1F3B0DF0005DC039 /* main.m in Sources */,
			);
			runOnlyForDeploymentPostprocessing = 0;
		};
/* End PBXSourcesBuildPhase section */

/* Begin XCBuildConfiguration section */
		9472768D1F3B0DF0005DC039 /* Debug */ = {
			isa = XCBuildConfiguration;
			buildSettings = {
				ALWAYS_SEARCH_USER_PATHS = NO;
				CLANG_ANALYZER_NONNULL = YES;
				CLANG_ANALYZER_NUMBER_OBJECT_CONVERSION = YES_AGGRESSIVE;
				CLANG_CXX_LANGUAGE_STANDARD = "gnu++0x";
				CLANG_CXX_LIBRARY = "libc++";
				CLANG_ENABLE_MODULES = YES;
				CLANG_ENABLE_OBJC_ARC = YES;
				CLANG_WARN_BOOL_CONVERSION = YES;
				CLANG_WARN_CONSTANT_CONVERSION = YES;
				CLANG_WARN_DIRECT_OBJC_ISA_USAGE = YES_ERROR;
				CLANG_WARN_DOCUMENTATION_COMMENTS = YES;
				CLANG_WARN_EMPTY_BODY = YES;
				CLANG_WARN_ENUM_CONVERSION = YES;
				CLANG_WARN_INFINITE_RECURSION = YES;
				CLANG_WARN_INT_CONVERSION = YES;
				CLANG_WARN_OBJC_ROOT_CLASS = YES_ERROR;
				CLANG_WARN_SUSPICIOUS_MOVE = YES;
				CLANG_WARN_UNREACHABLE_CODE = YES;
				CLANG_WARN__DUPLICATE_METHOD_MATCH = YES;
				CODE_SIGN_IDENTITY = "-";
				COPY_PHASE_STRIP = NO;
				DEBUG_INFORMATION_FORMAT = dwarf;
				ENABLE_STRICT_OBJC_MSGSEND = YES;
				ENABLE_TESTABILITY = YES;
				GCC_C_LANGUAGE_STANDARD = gnu99;
				GCC_DYNAMIC_NO_PIC = NO;
				GCC_NO_COMMON_BLOCKS = YES;
				GCC_OPTIMIZATION_LEVEL = 0;
				GCC_PREPROCESSOR_DEFINITIONS = (
					"DEBUG=1",
					"$(inherited)",
				);
				GCC_WARN_64_TO_32_BIT_CONVERSION = YES;
				GCC_WARN_ABOUT_RETURN_TYPE = YES_ERROR;
				GCC_WARN_UNDECLARED_SELECTOR = YES;
				GCC_WARN_UNINITIALIZED_AUTOS = YES_AGGRESSIVE;
				GCC_WARN_UNUSED_FUNCTION = YES;
				GCC_WARN_UNUSED_VARIABLE = YES;
				MACOSX_DEPLOYMENT_TARGET = 10.12;
				MTL_ENABLE_DEBUG_INFO = YES;
				ONLY_ACTIVE_ARCH = YES;
				SDKROOT = macosx;
			};
			name = Debug;
		};
		9472768E1F3B0DF0005DC039 /* Release */ = {
			isa = XCBuildConfiguration;
			buildSettings = {
				ALWAYS_SEARCH_USER_PATHS = NO;
				CLANG_ANALYZER_NONNULL = YES;
				CLANG_ANALYZER_NUMBER_OBJECT_CONVERSION = YES_AGGRESSIVE;
				CLANG_CXX_LANGUAGE_STANDARD = "gnu++0x";
				CLANG_CXX_LIBRARY = "libc++";
				CLANG_ENABLE_MODULES = YES;
				CLANG_ENABLE_OBJC_ARC = YES;
				CLANG_WARN_BOOL_CONVERSION = YES;
				CLANG_WARN_CONSTANT_CONVERSION = YES;
				CLANG_WARN_DIRECT_OBJC_ISA_USAGE = YES_ERROR;
				CLANG_WARN_DOCUMENTATION_COMMENTS = YES;
				CLANG_WARN_EMPTY_BODY = YES;
				CLANG_WARN_ENUM_CONVERSION = YES;
				CLANG_WARN_INFINITE_RECURSION = YES;
				CLANG_WARN_INT_CONVERSION = YES;
				CLANG_WARN_OBJC_ROOT_CLASS = YES_ERROR;
				CLANG_WARN_SUSPICIOUS_MOVE = YES;
				CLANG_WARN_UNREACHABLE_CODE = YES;
				CLANG_WARN__DUPLICATE_METHOD_MATCH = YES;
				CODE_SIGN_IDENTITY = "-";
				COPY_PHASE_STRIP = NO;
				DEBUG_INFORMATION_FORMAT = "dwarf-with-dsym";
				ENABLE_NS_ASSERTIONS = NO;
				ENABLE_STRICT_OBJC_MSGSEND = YES;
				GCC_C_LANGUAGE_STANDARD = gnu99;
				GCC_NO_COMMON_BLOCKS = YES;
				GCC_WARN_64_TO_32_BIT_CONVERSION = YES;
				GCC_WARN_ABOUT_RETURN_TYPE = YES_ERROR;
				GCC_WARN_UNDECLARED_SELECTOR = YES;
				GCC_WARN_UNINITIALIZED_AUTOS = YES_AGGRESSIVE;
				GCC_WARN_UNUSED_FUNCTION = YES;
				GCC_WARN_UNUSED_VARIABLE = YES;
				MACOSX_DEPLOYMENT_TARGET = 10.12;
				MTL_ENABLE_DEBUG_INFO = NO;
				SDKROOT = macosx;
			};
			name = Release;
		};
		947276901F3B0DF0005DC039 /* Debug */ = {
			isa = XCBuildConfiguration;
			buildSettings = {
				DEVELOPMENT_TEAM = RS5VVQU2Q4;
				PRODUCT_NAME = "$(TARGET_NAME)";
			};
			name = Debug;
		};
		947276911F3B0DF0005DC039 /* Release */ = {
			isa = XCBuildConfiguration;
			buildSettings = {
				DEVELOPMENT_TEAM = RS5VVQU2Q4;
				PRODUCT_NAME = "$(TARGET_NAME)";
			};
			name = Release;
		};
/* End XCBuildConfiguration section */

/* Begin XCConfigurationList section */
		947276831F3B0DF0005DC039 /* Build configuration list for PBXProject "Runtime_Class1" */ = {
			isa = XCConfigurationList;
			buildConfigurations = (
				9472768D1F3B0DF0005DC039 /* Debug */,
				9472768E1F3B0DF0005DC039 /* Release */,
			);
			defaultConfigurationIsVisible = 0;
			defaultConfigurationName = Release;
		};
		9472768F1F3B0DF0005DC039 /* Build configuration list for PBXNativeTarget "Runtime_Class1" */ = {
			isa = XCConfigurationList;
			buildConfigurations = (
				947276901F3B0DF0005DC039 /* Debug */,
				947276911F3B0DF0005DC039 /* Release */,
			);
			defaultConfigurationIsVisible = 0;
		};
/* End XCConfigurationList section */
	};
	rootObject = 947276801F3B0DF0005DC039 /* Project object */;
}
