// !$*UTF8*$!
{
	archiveVersion = 1;
	classes = {
	};
	objectVersion = 46;
	objects = {

/* Begin PBXBuildFile section */
		941AC27B1D913B53004C5762 /* main.m in Sources */ = {isa = PBXBuildFile; fileRef = 941AC27A1D913B53004C5762 /* main.m */; };
		941AC2831D913B7B004C5762 /* MyPerson.m in Sources */ = {isa = PBXBuildFile; fileRef = 941AC2821D913B7B004C5762 /* MyPerson.m */; };
/* End PBXBuildFile section */

/* Begin PBXCopyFilesBuildPhase section */
		941AC2751D913B53004C5762 /* CopyFiles */ = {
			isa = PBXCopyFilesBuildPhase;
			buildActionMask = 2147483647;
			dstPath = /usr/share/man/man1/;
			dstSubfolderSpec = 0;
			files = (
			);
			runOnlyForDeploymentPostprocessing = 1;
		};
/* End PBXCopyFilesBuildPhase section */

/* Begin PBXFileReference section */
		941AC2771D913B53004C5762 /* Runtime_1消息机制 */ = {isa = PBXFileReference; explicitFileType = "compiled.mach-o.executable"; includeInIndex = 0; path = "Runtime_1消息机制"; sourceTree = BUILT_PRODUCTS_DIR; };
		941AC27A1D913B53004C5762 /* main.m */ = {isa = PBXFileReference; lastKnownFileType = sourcecode.c.objc; path = main.m; sourceTree = "<group>"; };
		941AC2811D913B7A004C5762 /* MyPerson.h */ = {isa = PBXFileReference; fileEncoding = 4; lastKnownFileType = sourcecode.c.h; path = MyPerson.h; sourceTree = "<group>"; };
		941AC2821D913B7B004C5762 /* MyPerson.m */ = {isa = PBXFileReference; fileEncoding = 4; lastKnownFileType = sourcecode.c.objc; path = MyPerson.m; sourceTree = "<group>"; };
/* End PBXFileReference section */

/* Begin PBXFrameworksBuildPhase section */
		941AC2741D913B53004C5762 /* Frameworks */ = {
			isa = PBXFrameworksBuildPhase;
			buildActionMask = 2147483647;
			files = (
			);
			runOnlyForDeploymentPostprocessing = 0;
		};
/* End PBXFrameworksBuildPhase section */

/* Begin PBXGroup section */
		941AC26E1D913B53004C5762 = {
			isa = PBXGroup;
			children = (
				941AC2791D913B53004C5762 /* Runtime_1消息机制 */,
				941AC2781D913B53004C5762 /* Products */,
			);
			sourceTree = "<group>";
		};
		941AC2781D913B53004C5762 /* Products */ = {
			isa = PBXGroup;
			children = (
				941AC2771D913B53004C5762 /* Runtime_1消息机制 */,
			);
			name = Products;
			sourceTree = "<group>";
		};
		941AC2791D913B53004C5762 /* Runtime_1消息机制 */ = {
			isa = PBXGroup;
			children = (
				941AC27A1D913B53004C5762 /* main.m */,
				941AC2811D913B7A004C5762 /* MyPerson.h */,
				941AC2821D913B7B004C5762 /* MyPerson.m */,
			);
			path = "Runtime_1消息机制";
			sourceTree = "<group>";
		};
/* End PBXGroup section */

/* Begin PBXNativeTarget section */
		941AC2761D913B53004C5762 /* Runtime_1消息机制 */ = {
			isa = PBXNativeTarget;
			buildConfigurationList = 941AC27E1D913B53004C5762 /* Build configuration list for PBXNativeTarget "Runtime_1消息机制" */;
			buildPhases = (
				941AC2731D913B53004C5762 /* Sources */,
				941AC2741D913B53004C5762 /* Frameworks */,
				941AC2751D913B53004C5762 /* CopyFiles */,
			);
			buildRules = (
			);
			dependencies = (
			);
			name = "Runtime_1消息机制";
			productName = "Runtime_1消息机制";
			productReference = 941AC2771D913B53004C5762 /* Runtime_1消息机制 */;
			productType = "com.apple.product-type.tool";
		};
/* End PBXNativeTarget section */

/* Begin PBXProject section */
		941AC26F1D913B53004C5762 /* Project object */ = {
			isa = PBXProject;
			attributes = {
				LastUpgradeCheck = 0720;
				ORGANIZATIONNAME = wc;
				TargetAttributes = {
					941AC2761D913B53004C5762 = {
						CreatedOnToolsVersion = 7.2;
					};
				};
			};
			buildConfigurationList = 941AC2721D913B53004C5762 /* Build configuration list for PBXProject "Runtime_1消息机制" */;
			compatibilityVersion = "Xcode 3.2";
			developmentRegion = English;
			hasScannedForEncodings = 0;
			knownRegions = (
				en,
			);
			mainGroup = 941AC26E1D913B53004C5762;
			productRefGroup = 941AC2781D913B53004C5762 /* Products */;
			projectDirPath = "";
			projectRoot = "";
			targets = (
				941AC2761D913B53004C5762 /* Runtime_1消息机制 */,
			);
		};
/* End PBXProject section */

/* Begin PBXSourcesBuildPhase section */
		941AC2731D913B53004C5762 /* Sources */ = {
			isa = PBXSourcesBuildPhase;
			buildActionMask = 2147483647;
			files = (
				941AC2831D913B7B004C5762 /* MyPerson.m in Sources */,
				941AC27B1D913B53004C5762 /* main.m in Sources */,
			);
			runOnlyForDeploymentPostprocessing = 0;
		};
/* End PBXSourcesBuildPhase section */

/* Begin XCBuildConfiguration section */
		941AC27C1D913B53004C5762 /* Debug */ = {
			isa = XCBuildConfiguration;
			buildSettings = {
				ALWAYS_SEARCH_USER_PATHS = NO;
				CLANG_CXX_LANGUAGE_STANDARD = "gnu++0x";
				CLANG_CXX_LIBRARY = "libc++";
				CLANG_ENABLE_MODULES = YES;
				CLANG_ENABLE_OBJC_ARC = YES;
				CLANG_WARN_BOOL_CONVERSION = YES;
				CLANG_WARN_CONSTANT_CONVERSION = YES;
				CLANG_WARN_DIRECT_OBJC_ISA_USAGE = YES_ERROR;
				CLANG_WARN_EMPTY_BODY = YES;
				CLANG_WARN_ENUM_CONVERSION = YES;
				CLANG_WARN_INT_CONVERSION = YES;
				CLANG_WARN_OBJC_ROOT_CLASS = YES_ERROR;
				CLANG_WARN_UNREACHABLE_CODE = YES;
				CLANG_WARN__DUPLICATE_METHOD_MATCH = YES;
				CODE_SIGN_IDENTITY = "-";
				COPY_PHASE_STRIP = NO;
				DEBUG_INFORMATION_FORMAT = dwarf;
				ENABLE_STRICT_OBJC_MSGSEND = YES;
				ENABLE_TESTABILITY = YES;
				GCC_C_LANGUAGE_STANDARD = gnu99;
				GCC_DYNAMIC_NO_PIC = NO;
				GCC_NO_COMMON_BLOCKS = YES;
				GCC_OPTIMIZATION_LEVEL = 0;
				GCC_PREPROCESSOR_DEFINITIONS = (
					"DEBUG=1",
					"$(inherited)",
				);
				GCC_WARN_64_TO_32_BIT_CONVERSION = YES;
				GCC_WARN_ABOUT_RETURN_TYPE = YES_ERROR;
				GCC_WARN_UNDECLARED_SELECTOR = YES;
				GCC_WARN_UNINITIALIZED_AUTOS = YES_AGGRESSIVE;
				GCC_WARN_UNUSED_FUNCTION = YES;
				GCC_WARN_UNUSED_VARIABLE = YES;
				MACOSX_DEPLOYMENT_TARGET = 10.11;
				MTL_ENABLE_DEBUG_INFO = YES;
				ONLY_ACTIVE_ARCH = YES;
				SDKROOT = macosx;
			};
			name = Debug;
		};
		941AC27D1D913B53004C5762 /* Release */ = {
			isa = XCBuildConfiguration;
			buildSettings = {
				ALWAYS_SEARCH_USER_PATHS = NO;
				CLANG_CXX_LANGUAGE_STANDARD = "gnu++0x";
				CLANG_CXX_LIBRARY = "libc++";
				CLANG_ENABLE_MODULES = YES;
				CLANG_ENABLE_OBJC_ARC = YES;
				CLANG_WARN_BOOL_CONVERSION = YES;
				CLANG_WARN_CONSTANT_CONVERSION = YES;
				CLANG_WARN_DIRECT_OBJC_ISA_USAGE = YES_ERROR;
				CLANG_WARN_EMPTY_BODY = YES;
				CLANG_WARN_ENUM_CONVERSION = YES;
				CLANG_WARN_INT_CONVERSION = YES;
				CLANG_WARN_OBJC_ROOT_CLASS = YES_ERROR;
				CLANG_WARN_UNREACHABLE_CODE = YES;
				CLANG_WARN__DUPLICATE_METHOD_MATCH = YES;
				CODE_SIGN_IDENTITY = "-";
				COPY_PHASE_STRIP = NO;
				DEBUG_INFORMATION_FORMAT = "dwarf-with-dsym";
				ENABLE_NS_ASSERTIONS = NO;
				ENABLE_STRICT_OBJC_MSGSEND = YES;
				GCC_C_LANGUAGE_STANDARD = gnu99;
				GCC_NO_COMMON_BLOCKS = YES;
				GCC_WARN_64_TO_32_BIT_CONVERSION = YES;
				GCC_WARN_ABOUT_RETURN_TYPE = YES_ERROR;
				GCC_WARN_UNDECLARED_SELECTOR = YES;
				GCC_WARN_UNINITIALIZED_AUTOS = YES_AGGRESSIVE;
				GCC_WARN_UNUSED_FUNCTION = YES;
				GCC_WARN_UNUSED_VARIABLE = YES;
				MACOSX_DEPLOYMENT_TARGET = 10.11;
				MTL_ENABLE_DEBUG_INFO = NO;
				SDKROOT = macosx;
			};
			name = Release;
		};
		941AC27F1D913B53004C5762 /* Debug */ = {
			isa = XCBuildConfiguration;
			buildSettings = {
				ENABLE_STRICT_OBJC_MSGSEND = NO;
				PRODUCT_NAME = "$(TARGET_NAME)";
			};
			name = Debug;
		};
		941AC2801D913B53004C5762 /* Release */ = {
			isa = XCBuildConfiguration;
			buildSettings = {
				ENABLE_STRICT_OBJC_MSGSEND = NO;
				PRODUCT_NAME = "$(TARGET_NAME)";
			};
			name = Release;
		};
/* End XCBuildConfiguration section */

/* Begin XCConfigurationList section */
		941AC2721D913B53004C5762 /* Build configuration list for PBXProject "Runtime_1消息机制" */ = {
			isa = XCConfigurationList;
			buildConfigurations = (
				941AC27C1D913B53004C5762 /* Debug */,
				941AC27D1D913B53004C5762 /* Release */,
			);
			defaultConfigurationIsVisible = 0;
			defaultConfigurationName = Release;
		};
		941AC27E1D913B53004C5762 /* Build configuration list for PBXNativeTarget "Runtime_1消息机制" */ = {
			isa = XCConfigurationList;
			buildConfigurations = (
				941AC27F1D913B53004C5762 /* Debug */,
				941AC2801D913B53004C5762 /* Release */,
			);
			defaultConfigurationIsVisible = 0;
		};
/* End XCConfigurationList section */
	};
	rootObject = 941AC26F1D913B53004C5762 /* Project object */;
}
